
Microsoft Visual Studio Solution File, Format Version 12.00
# Visual Studio Version 17
VisualStudioVersion = 17.7.34031.279
MinimumVisualStudioVersion = 10.0.40219.1
Project("{FAE04EC0-301F-11D3-BF4B-00C04F79EFBC}") = "HelloApp", "HelloApp\HelloApp.csproj", "{790978AC-92F9-4296-983C-1FFEE7AD0CDA}"
EndProject
Global
	GlobalSection(SolutionConfigurationPlatforms) = preSolution
		Debug|Any CPU = Debug|Any CPU
		Release|Any CPU = Release|Any CPU
	EndGlobalSection
	GlobalSection(ProjectConfigurationPlatforms) = postSolution
		{790978AC-92F9-4296-983C-1FFEE7AD0CDA}.Debug|Any CPU.ActiveCfg = Debug|Any CPU
		{790978AC-92F9-4296-983C-1FFEE7AD0CDA}.Debug|Any CPU.Build.0 = Debug|Any CPU
		{790978AC-92F9-4296-983C-1FFEE7AD0CDA}.Release|Any CPU.ActiveCfg = Release|Any CPU
		{790978AC-92F9-4296-983C-1FFEE7AD0CDA}.Release|Any CPU.Build.0 = Release|Any CPU
	EndGlobalSection
	GlobalSection(SolutionProperties) = preSolution
		HideSolutionNode = FALSE
	EndGlobalSection
	GlobalSection(ExtensibilityGlobals) = postSolution
		SolutionGuid = {3AF4B5F0-46D6-4EE4-87D2-F78A6478A0C0}
	EndGlobalSection
EndGlobal
